
Microsoft Visual Studio Solution File, Format Version 10.00
# Visual C# Express 2008
Project("{FAE04EC0-301F-11D3-BF4B-00C04F79EFBC}") = "TextFileParsers", "TextFileParsers\TextFileParsers.csproj", "{EB2F0DE5-A102-48EA-AFDB-09A39D19D773}"
EndProject
Project("{FAE04EC0-301F-11D3-BF4B-00C04F79EFBC}") = "TextFileParsers.Test", "TextFileParsers.Test\TextFileParsers.Test.csproj", "{4A351887-58DD-47F1-8071-7CE9F3FCC3E1}"
EndProject
Global
	GlobalSection(SolutionConfigurationPlatforms) = preSolution
		Debug|Any CPU = Debug|Any CPU
		Release|Any CPU = Release|Any CPU
	EndGlobalSection
	GlobalSection(ProjectConfigurationPlatforms) = postSolution
		{EB2F0DE5-A102-48EA-AFDB-09A39D19D773}.Debug|Any CPU.ActiveCfg = Debug|Any CPU
		{EB2F0DE5-A102-48EA-AFDB-09A39D19D773}.Debug|Any CPU.Build.0 = Debug|Any CPU
		{EB2F0DE5-A102-48EA-AFDB-09A39D19D773}.Release|Any CPU.ActiveCfg = Release|Any CPU
		{EB2F0DE5-A102-48EA-AFDB-09A39D19D773}.Release|Any CPU.Build.0 = Release|Any CPU
		{4A351887-58DD-47F1-8071-7CE9F3FCC3E1}.Debug|Any CPU.ActiveCfg = Debug|Any CPU
		{4A351887-58DD-47F1-8071-7CE9F3FCC3E1}.Debug|Any CPU.Build.0 = Debug|Any CPU
		{4A351887-58DD-47F1-8071-7CE9F3FCC3E1}.Release|Any CPU.ActiveCfg = Release|Any CPU
		{4A351887-58DD-47F1-8071-7CE9F3FCC3E1}.Release|Any CPU.Build.0 = Release|Any CPU
	EndGlobalSection
	GlobalSection(SolutionProperties) = preSolution
		HideSolutionNode = FALSE
	EndGlobalSection
EndGlobal
